
Microsoft Visual Studio Solution File, Format Version 12.00
# Visual Studio 2017
Project("{FAE04EC0-301F-11D3-BF4B-00C04F79EFBC}") = "AIfinal", "AIfinal.csproj", "{8F495022-AC83-E236-D637-2C41D880B238}"
EndProject
Global
	GlobalSection(SolutionConfigurationPlatforms) = preSolution
		Debug|Any CPU = Debug|Any CPU
		Release|Any CPU = Release|Any CPU
	EndGlobalSection
	GlobalSection(ProjectConfigurationPlatforms) = postSolution
		{8F495022-AC83-E236-D637-2C41D880B238}.Debug|Any CPU.ActiveCfg = Debug|Any CPU
		{8F495022-AC83-E236-D637-2C41D880B238}.Debug|Any CPU.Build.0 = Debug|Any CPU
		{8F495022-AC83-E236-D637-2C41D880B238}.Release|Any CPU.ActiveCfg = Release|Any CPU
		{8F495022-AC83-E236-D637-2C41D880B238}.Release|Any CPU.Build.0 = Release|Any CPU
	EndGlobalSection
	GlobalSection(SolutionProperties) = preSolution
		HideSolutionNode = FALSE
	EndGlobalSection
EndGlobal
